
Microsoft Visual Studio Solution File, Format Version 12.00
# Visual Studio Version 17
VisualStudioVersion = 17.14.36603.0 d17.14
MinimumVisualStudioVersion = 10.0.40219.1
Project("{FAE04EC0-301F-11D3-BF4B-00C04F79EFBC}") = "StudentProject", "StudentProject\StudentProject.csproj", "{F9E43AA6-5B4A-4009-8F06-901FFF0E8A1B}"
EndProject
Global
	GlobalSection(SolutionConfigurationPlatforms) = preSolution
		Debug|Any CPU = Debug|Any CPU
		Release|Any CPU = Release|Any CPU
	EndGlobalSection
	GlobalSection(ProjectConfigurationPlatforms) = postSolution
		{F9E43AA6-5B4A-4009-8F06-901FFF0E8A1B}.Debug|Any CPU.ActiveCfg = Debug|Any CPU
		{F9E43AA6-5B4A-4009-8F06-901FFF0E8A1B}.Debug|Any CPU.Build.0 = Debug|Any CPU
		{F9E43AA6-5B4A-4009-8F06-901FFF0E8A1B}.Release|Any CPU.ActiveCfg = Release|Any CPU
		{F9E43AA6-5B4A-4009-8F06-901FFF0E8A1B}.Release|Any CPU.Build.0 = Release|Any CPU
	EndGlobalSection
	GlobalSection(SolutionProperties) = preSolution
		HideSolutionNode = FALSE
	EndGlobalSection
	GlobalSection(ExtensibilityGlobals) = postSolution
		SolutionGuid = {A11FE9C3-11DA-41F1-81E3-23DE2A1205F9}
	EndGlobalSection
EndGlobal
